
Microsoft Visual Studio Solution File, Format Version 12.00
# Visual Studio Version 17
VisualStudioVersion = 17.11.35303.130
MinimumVisualStudioVersion = 10.0.40219.1
Project("{FAE04EC0-301F-11D3-BF4B-00C04F79EFBC}") = "TesteTarget04", "TesteTarget04\TesteTarget04.csproj", "{B6A70935-62BB-4BC8-8521-45C29FA57F1B}"
EndProject
Global
	GlobalSection(SolutionConfigurationPlatforms) = preSolution
		Debug|Any CPU = Debug|Any CPU
		Release|Any CPU = Release|Any CPU
	EndGlobalSection
	GlobalSection(ProjectConfigurationPlatforms) = postSolution
		{B6A70935-62BB-4BC8-8521-45C29FA57F1B}.Debug|Any CPU.ActiveCfg = Debug|Any CPU
		{B6A70935-62BB-4BC8-8521-45C29FA57F1B}.Debug|Any CPU.Build.0 = Debug|Any CPU
		{B6A70935-62BB-4BC8-8521-45C29FA57F1B}.Release|Any CPU.ActiveCfg = Release|Any CPU
		{B6A70935-62BB-4BC8-8521-45C29FA57F1B}.Release|Any CPU.Build.0 = Release|Any CPU
	EndGlobalSection
	GlobalSection(SolutionProperties) = preSolution
		HideSolutionNode = FALSE
	EndGlobalSection
	GlobalSection(ExtensibilityGlobals) = postSolution
		SolutionGuid = {6B162CA3-F450-4ABE-9575-3D4CCEE44B8D}
	EndGlobalSection
EndGlobal
